// !$*UTF8*$!
{
	archiveVersion = 1;
	classes = {
	};
	objectVersion = 56;
	objects = {

/* Begin PBXBuildFile section */
		855C988A2AA8708D00B70C58 /* AppDelegate.swift in Sources */ = {isa = PBXBuildFile; fileRef = 855C98892AA8708D00B70C58 /* AppDelegate.swift */; };
		855C988C2AA8708D00B70C58 /* SceneDelegate.swift in Sources */ = {isa = PBXBuildFile; fileRef = 855C988B2AA8708D00B70C58 /* SceneDelegate.swift */; };
		855C988E2AA8708D00B70C58 /* ViewController.swift in Sources */ = {isa = PBXBuildFile; fileRef = 855C988D2AA8708D00B70C58 /* ViewController.swift */; };
		855C98912AA8708D00B70C58 /* Main.storyboard in Resources */ = {isa = PBXBuildFile; fileRef = 855C988F2AA8708D00B70C58 /* Main.storyboard */; };
		855C98932AA8708E00B70C58 /* Assets.xcassets in Resources */ = {isa = PBXBuildFile; fileRef = 855C98922AA8708E00B70C58 /* Assets.xcassets */; };
		855C98962AA8708E00B70C58 /* LaunchScreen.storyboard in Resources */ = {isa = PBXBuildFile; fileRef = 855C98942AA8708E00B70C58 /* LaunchScreen.storyboard */; };
		855C98A12AA8708E00B70C58 /* test5Tests.swift in Sources */ = {isa = PBXBuildFile; fileRef = 855C98A02AA8708E00B70C58 /* test5Tests.swift */; };
		855C98AB2AA8708E00B70C58 /* test5UITests.swift in Sources */ = {isa = PBXBuildFile; fileRef = 855C98AA2AA8708E00B70C58 /* test5UITests.swift */; };
		855C98AD2AA8708E00B70C58 /* test5UITestsLaunchTests.swift in Sources */ = {isa = PBXBuildFile; fileRef = 855C98AC2AA8708E00B70C58 /* test5UITestsLaunchTests.swift */; };
/* End PBXBuildFile section */

/* Begin PBXContainerItemProxy section */
		855C989D2AA8708E00B70C58 /* PBXContainerItemProxy */ = {
			isa = PBXContainerItemProxy;
			containerPortal = 855C987E2AA8708D00B70C58 /* Project object */;
			proxyType = 1;
			remoteGlobalIDString = 855C98852AA8708D00B70C58;
			remoteInfo = test5;
		};
		855C98A72AA8708E00B70C58 /* PBXContainerItemProxy */ = {
			isa = PBXContainerItemProxy;
			containerPortal = 855C987E2AA8708D00B70C58 /* Project object */;
			proxyType = 1;
			remoteGlobalIDString = 855C98852AA8708D00B70C58;
			remoteInfo = test5;
		};
/* End PBXContainerItemProxy section */

/* Begin PBXFileReference section */
		855C98862AA8708D00B70C58 /* test5.app */ = {isa = PBXFileReference; explicitFileType = wrapper.application; includeInIndex = 0; path = test5.app; sourceTree = BUILT_PRODUCTS_DIR; };
		855C98892AA8708D00B70C58 /* AppDelegate.swift */ = {isa = PBXFileReference; lastKnownFileType = sourcecode.swift; path = AppDelegate.swift; sourceTree = "<group>"; };
		855C988B2AA8708D00B70C58 /* SceneDelegate.swift */ = {isa = PBXFileReference; lastKnownFileType = sourcecode.swift; path = SceneDelegate.swift; sourceTree = "<group>"; };
		855C988D2AA8708D00B70C58 /* ViewController.swift */ = {isa = PBXFileReference; lastKnownFileType = sourcecode.swift; path = ViewController.swift; sourceTree = "<group>"; };
		855C98902AA8708D00B70C58 /* Base */ = {isa = PBXFileReference; lastKnownFileType = file.storyboard; name = Base; path = Base.lproj/Main.storyboard; sourceTree = "<group>"; };
		855C98922AA8708E00B70C58 /* Assets.xcassets */ = {isa = PBXFileReference; lastKnownFileType = folder.assetcatalog; path = Assets.xcassets; sourceTree = "<group>"; };
		855C98952AA8708E00B70C58 /* Base */ = {isa = PBXFileReference; lastKnownFileType = file.storyboard; name = Base; path = Base.lproj/LaunchScreen.storyboard; sourceTree = "<group>"; };
		855C98972AA8708E00B70C58 /* Info.plist */ = {isa = PBXFileReference; lastKnownFileType = text.plist.xml; path = Info.plist; sourceTree = "<group>"; };
		855C989C2AA8708E00B70C58 /* test5Tests.xctest */ = {isa = PBXFileReference; explicitFileType = wrapper.cfbundle; includeInIndex = 0; path = test5Tests.xctest; sourceTree = BUILT_PRODUCTS_DIR; };
		855C98A02AA8708E00B70C58 /* test5Tests.swift */ = {isa = PBXFileReference; lastKnownFileType = sourcecode.swift; path = test5Tests.swift; sourceTree = "<group>"; };
		855C98A62AA8708E00B70C58 /* test5UITests.xctest */ = {isa = PBXFileReference; explicitFileType = wrapper.cfbundle; includeInIndex = 0; path = test5UITests.xctest; sourceTree = BUILT_PRODUCTS_DIR; };
		855C98AA2AA8708E00B70C58 /* test5UITests.swift */ = {isa = PBXFileReference; lastKnownFileType = sourcecode.swift; path = test5UITests.swift; sourceTree = "<group>"; };
		855C98AC2AA8708E00B70C58 /* test5UITestsLaunchTests.swift */ = {isa = PBXFileReference; lastKnownFileType = sourcecode.swift; path = test5UITestsLaunchTests.swift; sourceTree = "<group>"; };
/* End PBXFileReference section */

/* Begin PBXFrameworksBuildPhase section */
		855C98832AA8708D00B70C58 /* Frameworks */ = {
			isa = PBXFrameworksBuildPhase;
			buildActionMask = 2147483647;
			files = (
			);
			runOnlyForDeploymentPostprocessing = 0;
		};
		855C98992AA8708E00B70C58 /* Frameworks */ = {
			isa = PBXFrameworksBuildPhase;
			buildActionMask = 2147483647;
			files = (
			);
			runOnlyForDeploymentPostprocessing = 0;
		};
		855C98A32AA8708E00B70C58 /* Frameworks */ = {
			isa = PBXFrameworksBuildPhase;
			buildActionMask = 2147483647;
			files = (
			);
			runOnlyForDeploymentPostprocessing = 0;
		};
/* End PBXFrameworksBuildPhase section */

/* Begin PBXGroup section */
		855C987D2AA8708D00B70C58 = {
			isa = PBXGroup;
			children = (
				855C98882AA8708D00B70C58 /* test5 */,
				855C989F2AA8708E00B70C58 /* test5Tests */,
				855C98A92AA8708E00B70C58 /* test5UITests */,
				855C98872AA8708D00B70C58 /* Products */,
			);
			sourceTree = "<group>";
		};
		855C98872AA8708D00B70C58 /* Products */ = {
			isa = PBXGroup;
			children = (
				855C98862AA8708D00B70C58 /* test5.app */,
				855C989C2AA8708E00B70C58 /* test5Tests.xctest */,
				855C98A62AA8708E00B70C58 /* test5UITests.xctest */,
			);
			name = Products;
			sourceTree = "<group>";
		};
		855C98882AA8708D00B70C58 /* test5 */ = {
			isa = PBXGroup;
			children = (
				855C98892AA8708D00B70C58 /* AppDelegate.swift */,
				855C988B2AA8708D00B70C58 /* SceneDelegate.swift */,
				855C988D2AA8708D00B70C58 /* ViewController.swift */,
				855C988F2AA8708D00B70C58 /* Main.storyboard */,
				855C98922AA8708E00B70C58 /* Assets.xcassets */,
				855C98942AA8708E00B70C58 /* LaunchScreen.storyboard */,
				855C98972AA8708E00B70C58 /* Info.plist */,
			);
			path = test5;
			sourceTree = "<group>";
		};
		855C989F2AA8708E00B70C58 /* test5Tests */ = {
			isa = PBXGroup;
			children = (
				855C98A02AA8708E00B70C58 /* test5Tests.swift */,
			);
			path = test5Tests;
			sourceTree = "<group>";
		};
		855C98A92AA8708E00B70C58 /* test5UITests */ = {
			isa = PBXGroup;
			children = (
				855C98AA2AA8708E00B70C58 /* test5UITests.swift */,
				855C98AC2AA8708E00B70C58 /* test5UITestsLaunchTests.swift */,
			);
			path = test5UITests;
			sourceTree = "<group>";
		};
/* End PBXGroup section */

/* Begin PBXNativeTarget section */
		855C98852AA8708D00B70C58 /* test5 */ = {
			isa = PBXNativeTarget;
			buildConfigurationList = 855C98B02AA8708E00B70C58 /* Build configuration list for PBXNativeTarget "test5" */;
			buildPhases = (
				855C98822AA8708D00B70C58 /* Sources */,
				855C98832AA8708D00B70C58 /* Frameworks */,
				855C98842AA8708D00B70C58 /* Resources */,
			);
			buildRules = (
			);
			dependencies = (
			);
			name = test5;
			productName = test5;
			productReference = 855C98862AA8708D00B70C58 /* test5.app */;
			productType = "com.apple.product-type.application";
		};
		855C989B2AA8708E00B70C58 /* test5Tests */ = {
			isa = PBXNativeTarget;
			buildConfigurationList = 855C98B32AA8708E00B70C58 /* Build configuration list for PBXNativeTarget "test5Tests" */;
			buildPhases = (
				855C98982AA8708E00B70C58 /* Sources */,
				855C98992AA8708E00B70C58 /* Frameworks */,
				855C989A2AA8708E00B70C58 /* Resources */,
			);
			buildRules = (
			);
			dependencies = (
				855C989E2AA8708E00B70C58 /* PBXTargetDependency */,
			);
			name = test5Tests;
			productName = test5Tests;
			productReference = 855C989C2AA8708E00B70C58 /* test5Tests.xctest */;
			productType = "com.apple.product-type.bundle.unit-test";
		};
		855C98A52AA8708E00B70C58 /* test5UITests */ = {
			isa = PBXNativeTarget;
			buildConfigurationList = 855C98B62AA8708E00B70C58 /* Build configuration list for PBXNativeTarget "test5UITests" */;
			buildPhases = (
				855C98A22AA8708E00B70C58 /* Sources */,
				855C98A32AA8708E00B70C58 /* Frameworks */,
				855C98A42AA8708E00B70C58 /* Resources */,
			);
			buildRules = (
			);
			dependencies = (
				855C98A82AA8708E00B70C58 /* PBXTargetDependency */,
			);
			name = test5UITests;
			productName = test5UITests;
			productReference = 855C98A62AA8708E00B70C58 /* test5UITests.xctest */;
			productType = "com.apple.product-type.bundle.ui-testing";
		};
/* End PBXNativeTarget section */

/* Begin PBXProject section */
		855C987E2AA8708D00B70C58 /* Project object */ = {
			isa = PBXProject;
			attributes = {
				BuildIndependentTargetsInParallel = 1;
				LastSwiftUpdateCheck = 1430;
				LastUpgradeCheck = 1430;
				TargetAttributes = {
					855C98852AA8708D00B70C58 = {
						CreatedOnToolsVersion = 14.3.1;
					};
					855C989B2AA8708E00B70C58 = {
						CreatedOnToolsVersion = 14.3.1;
						TestTargetID = 855C98852AA8708D00B70C58;
					};
					855C98A52AA8708E00B70C58 = {
						CreatedOnToolsVersion = 14.3.1;
						TestTargetID = 855C98852AA8708D00B70C58;
					};
				};
			};
			buildConfigurationList = 855C98812AA8708D00B70C58 /* Build configuration list for PBXProject "test5" */;
			compatibilityVersion = "Xcode 14.0";
			developmentRegion = en;
			hasScannedForEncodings = 0;
			knownRegions = (
				en,
				Base,
			);
			mainGroup = 855C987D2AA8708D00B70C58;
			productRefGroup = 855C98872AA8708D00B70C58 /* Products */;
			projectDirPath = "";
			projectRoot = "";
			targets = (
				855C98852AA8708D00B70C58 /* test5 */,
				855C989B2AA8708E00B70C58 /* test5Tests */,
				855C98A52AA8708E00B70C58 /* test5UITests */,
			);
		};
/* End PBXProject section */

/* Begin PBXResourcesBuildPhase section */
		855C98842AA8708D00B70C58 /* Resources */ = {
			isa = PBXResourcesBuildPhase;
			buildActionMask = 2147483647;
			files = (
				855C98962AA8708E00B70C58 /* LaunchScreen.storyboard in Resources */,
				855C98932AA8708E00B70C58 /* Assets.xcassets in Resources */,
				855C98912AA8708D00B70C58 /* Main.storyboard in Resources */,
			);
			runOnlyForDeploymentPostprocessing = 0;
		};
		855C989A2AA8708E00B70C58 /* Resources */ = {
			isa = PBXResourcesBuildPhase;
			buildActionMask = 2147483647;
			files = (
			);
			runOnlyForDeploymentPostprocessing = 0;
		};
		855C98A42AA8708E00B70C58 /* Resources */ = {
			isa = PBXResourcesBuildPhase;
			buildActionMask = 2147483647;
			files = (
			);
			runOnlyForDeploymentPostprocessing = 0;
		};
/* End PBXResourcesBuildPhase section */

/* Begin PBXSourcesBuildPhase section */
		855C98822AA8708D00B70C58 /* Sources */ = {
			isa = PBXSourcesBuildPhase;
			buildActionMask = 2147483647;
			files = (
				855C988E2AA8708D00B70C58 /* ViewController.swift in Sources */,
				855C988A2AA8708D00B70C58 /* AppDelegate.swift in Sources */,
				855C988C2AA8708D00B70C58 /* SceneDelegate.swift in Sources */,
			);
			runOnlyForDeploymentPostprocessing = 0;
		};
		855C98982AA8708E00B70C58 /* Sources */ = {
			isa = PBXSourcesBuildPhase;
			buildActionMask = 2147483647;
			files = (
				855C98A12AA8708E00B70C58 /* test5Tests.swift in Sources */,
			);
			runOnlyForDeploymentPostprocessing = 0;
		};
		855C98A22AA8708E00B70C58 /* Sources */ = {
			isa = PBXSourcesBuildPhase;
			buildActionMask = 2147483647;
			files = (
				855C98AD2AA8708E00B70C58 /* test5UITestsLaunchTests.swift in Sources */,
				855C98AB2AA8708E00B70C58 /* test5UITests.swift in Sources */,
			);
			runOnlyForDeploymentPostprocessing = 0;
		};
/* End PBXSourcesBuildPhase section */

/* Begin PBXTargetDependency section */
		855C989E2AA8708E00B70C58 /* PBXTargetDependency */ = {
			isa = PBXTargetDependency;
			target = 855C98852AA8708D00B70C58 /* test5 */;
			targetProxy = 855C989D2AA8708E00B70C58 /* PBXContainerItemProxy */;
		};
		855C98A82AA8708E00B70C58 /* PBXTargetDependency */ = {
			isa = PBXTargetDependency;
			target = 855C98852AA8708D00B70C58 /* test5 */;
			targetProxy = 855C98A72AA8708E00B70C58 /* PBXContainerItemProxy */;
		};
/* End PBXTargetDependency section */

/* Begin PBXVariantGroup section */
		855C988F2AA8708D00B70C58 /* Main.storyboard */ = {
			isa = PBXVariantGroup;
			children = (
				855C98902AA8708D00B70C58 /* Base */,
			);
			name = Main.storyboard;
			sourceTree = "<group>";
		};
		855C98942AA8708E00B70C58 /* LaunchScreen.storyboard */ = {
			isa = PBXVariantGroup;
			children = (
				855C98952AA8708E00B70C58 /* Base */,
			);
			name = LaunchScreen.storyboard;
			sourceTree = "<group>";
		};
/* End PBXVariantGroup section */

/* Begin XCBuildConfiguration section */
		855C98AE2AA8708E00B70C58 /* Debug */ = {
			isa = XCBuildConfiguration;
			buildSettings = {
				ALWAYS_SEARCH_USER_PATHS = NO;
				CLANG_ANALYZER_NONNULL = YES;
				CLANG_ANALYZER_NUMBER_OBJECT_CONVERSION = YES_AGGRESSIVE;
				CLANG_CXX_LANGUAGE_STANDARD = "gnu++20";
				CLANG_ENABLE_MODULES = YES;
				CLANG_ENABLE_OBJC_ARC = YES;
				CLANG_ENABLE_OBJC_WEAK = YES;
				CLANG_WARN_BLOCK_CAPTURE_AUTORELEASING = YES;
				CLANG_WARN_BOOL_CONVERSION = YES;
				CLANG_WARN_COMMA = YES;
				CLANG_WARN_CONSTANT_CONVERSION = YES;
				CLANG_WARN_DEPRECATED_OBJC_IMPLEMENTATIONS = YES;
				CLANG_WARN_DIRECT_OBJC_ISA_USAGE = YES_ERROR;
				CLANG_WARN_DOCUMENTATION_COMMENTS = YES;
				CLANG_WARN_EMPTY_BODY = YES;
				CLANG_WARN_ENUM_CONVERSION = YES;
				CLANG_WARN_INFINITE_RECURSION = YES;
				CLANG_WARN_INT_CONVERSION = YES;
				CLANG_WARN_NON_LITERAL_NULL_CONVERSION = YES;
				CLANG_WARN_OBJC_IMPLICIT_RETAIN_SELF = YES;
				CLANG_WARN_OBJC_LITERAL_CONVERSION = YES;
				CLANG_WARN_OBJC_ROOT_CLASS = YES_ERROR;
				CLANG_WARN_QUOTED_INCLUDE_IN_FRAMEWORK_HEADER = YES;
				CLANG_WARN_RANGE_LOOP_ANALYSIS = YES;
				CLANG_WARN_STRICT_PROTOTYPES = YES;
				CLANG_WARN_SUSPICIOUS_MOVE = YES;
				CLANG_WARN_UNGUARDED_AVAILABILITY = YES_AGGRESSIVE;
				CLANG_WARN_UNREACHABLE_CODE = YES;
				CLANG_WARN__DUPLICATE_METHOD_MATCH = YES;
				COPY_PHASE_STRIP = NO;
				DEBUG_INFORMATION_FORMAT = dwarf;
				ENABLE_STRICT_OBJC_MSGSEND = YES;
				ENABLE_TESTABILITY = YES;
				GCC_C_LANGUAGE_STANDARD = gnu11;
				GCC_DYNAMIC_NO_PIC = NO;
				GCC_NO_COMMON_BLOCKS = YES;
				GCC_OPTIMIZATION_LEVEL = 0;
				GCC_PREPROCESSOR_DEFINITIONS = (
					"DEBUG=1",
					"$(inherited)",
				);
				GCC_WARN_64_TO_32_BIT_CONVERSION = YES;
				GCC_WARN_ABOUT_RETURN_TYPE = YES_ERROR;
				GCC_WARN_UNDECLARED_SELECTOR = YES;
				GCC_WARN_UNINITIALIZED_AUTOS = YES_AGGRESSIVE;
				GCC_WARN_UNUSED_FUNCTION = YES;
				GCC_WARN_UNUSED_VARIABLE = YES;
				IPHONEOS_DEPLOYMENT_TARGET = 16.4;
				MTL_ENABLE_DEBUG_INFO = INCLUDE_SOURCE;
				MTL_FAST_MATH = YES;
				ONLY_ACTIVE_ARCH = YES;
				SDKROOT = iphoneos;
				SWIFT_ACTIVE_COMPILATION_CONDITIONS = DEBUG;
				SWIFT_OPTIMIZATION_LEVEL = "-Onone";
			};
			name = Debug;
		};
		855C98AF2AA8708E00B70C58 /* Release */ = {
			isa = XCBuildConfiguration;
			buildSettings = {
				ALWAYS_SEARCH_USER_PATHS = NO;
				CLANG_ANALYZER_NONNULL = YES;
				CLANG_ANALYZER_NUMBER_OBJECT_CONVERSION = YES_AGGRESSIVE;
				CLANG_CXX_LANGUAGE_STANDARD = "gnu++20";
				CLANG_ENABLE_MODULES = YES;
				CLANG_ENABLE_OBJC_ARC = YES;
				CLANG_ENABLE_OBJC_WEAK = YES;
				CLANG_WARN_BLOCK_CAPTURE_AUTORELEASING = YES;
				CLANG_WARN_BOOL_CONVERSION = YES;
				CLANG_WARN_COMMA = YES;
				CLANG_WARN_CONSTANT_CONVERSION = YES;
				CLANG_WARN_DEPRECATED_OBJC_IMPLEMENTATIONS = YES;
				CLANG_WARN_DIRECT_OBJC_ISA_USAGE = YES_ERROR;
				CLANG_WARN_DOCUMENTATION_COMMENTS = YES;
				CLANG_WARN_EMPTY_BODY = YES;
				CLANG_WARN_ENUM_CONVERSION = YES;
				CLANG_WARN_INFINITE_RECURSION = YES;
				CLANG_WARN_INT_CONVERSION = YES;
				CLANG_WARN_NON_LITERAL_NULL_CONVERSION = YES;
				CLANG_WARN_OBJC_IMPLICIT_RETAIN_SELF = YES;
				CLANG_WARN_OBJC_LITERAL_CONVERSION = YES;
				CLANG_WARN_OBJC_ROOT_CLASS = YES_ERROR;
				CLANG_WARN_QUOTED_INCLUDE_IN_FRAMEWORK_HEADER = YES;
				CLANG_WARN_RANGE_LOOP_ANALYSIS = YES;
				CLANG_WARN_STRICT_PROTOTYPES = YES;
				CLANG_WARN_SUSPICIOUS_MOVE = YES;
				CLANG_WARN_UNGUARDED_AVAILABILITY = YES_AGGRESSIVE;
				CLANG_WARN_UNREACHABLE_CODE = YES;
				CLANG_WARN__DUPLICATE_METHOD_MATCH = YES;
				COPY_PHASE_STRIP = NO;
				DEBUG_INFORMATION_FORMAT = "dwarf-with-dsym";
				ENABLE_NS_ASSERTIONS = NO;
				ENABLE_STRICT_OBJC_MSGSEND = YES;
				GCC_C_LANGUAGE_STANDARD = gnu11;
				GCC_NO_COMMON_BLOCKS = YES;
				GCC_WARN_64_TO_32_BIT_CONVERSION = YES;
				GCC_WARN_ABOUT_RETURN_TYPE = YES_ERROR;
				GCC_WARN_UNDECLARED_SELECTOR = YES;
				GCC_WARN_UNINITIALIZED_AUTOS = YES_AGGRESSIVE;
				GCC_WARN_UNUSED_FUNCTION = YES;
				GCC_WARN_UNUSED_VARIABLE = YES;
				IPHONEOS_DEPLOYMENT_TARGET = 16.4;
				MTL_ENABLE_DEBUG_INFO = NO;
				MTL_FAST_MATH = YES;
				SDKROOT = iphoneos;
				SWIFT_COMPILATION_MODE = wholemodule;
				SWIFT_OPTIMIZATION_LEVEL = "-O";
				VALIDATE_PRODUCT = YES;
			};
			name = Release;
		};
		855C98B12AA8708E00B70C58 /* Debug */ = {
			isa = XCBuildConfiguration;
			buildSettings = {
				ASSETCATALOG_COMPILER_APPICON_NAME = AppIcon;
				ASSETCATALOG_COMPILER_GLOBAL_ACCENT_COLOR_NAME = AccentColor;
				CODE_SIGN_STYLE = Automatic;
				CURRENT_PROJECT_VERSION = 1;
				DEVELOPMENT_TEAM = Z8QC62V2F3;
				GENERATE_INFOPLIST_FILE = YES;
				INFOPLIST_FILE = test5/Info.plist;
				INFOPLIST_KEY_UIApplicationSupportsIndirectInputEvents = YES;
				INFOPLIST_KEY_UILaunchStoryboardName = LaunchScreen;
				INFOPLIST_KEY_UIMainStoryboardFile = Main;
				INFOPLIST_KEY_UISupportedInterfaceOrientations_iPad = "UIInterfaceOrientationPortrait UIInterfaceOrientationPortraitUpsideDown UIInterfaceOrientationLandscapeLeft UIInterfaceOrientationLandscapeRight";
				INFOPLIST_KEY_UISupportedInterfaceOrientations_iPhone = "UIInterfaceOrientationPortrait UIInterfaceOrientationLandscapeLeft UIInterfaceOrientationLandscapeRight";
				LD_RUNPATH_SEARCH_PATHS = (
					"$(inherited)",
					"@executable_path/Frameworks",
				);
				MARKETING_VERSION = 1.0;
				PRODUCT_BUNDLE_IDENTIFIER = githubTest.test5;
				PRODUCT_NAME = "$(TARGET_NAME)";
				SWIFT_EMIT_LOC_STRINGS = YES;
				SWIFT_VERSION = 5.0;
				TARGETED_DEVICE_FAMILY = "1,2";
			};
			name = Debug;
		};
		855C98B22AA8708E00B70C58 /* Release */ = {
			isa = XCBuildConfiguration;
			buildSettings = {
				ASSETCATALOG_COMPILER_APPICON_NAME = AppIcon;
				ASSETCATALOG_COMPILER_GLOBAL_ACCENT_COLOR_NAME = AccentColor;
				CODE_SIGN_STYLE = Automatic;
				CURRENT_PROJECT_VERSION = 1;
				DEVELOPMENT_TEAM = Z8QC62V2F3;
				GENERATE_INFOPLIST_FILE = YES;
				INFOPLIST_FILE = test5/Info.plist;
				INFOPLIST_KEY_UIApplicationSupportsIndirectInputEvents = YES;
				INFOPLIST_KEY_UILaunchStoryboardName = LaunchScreen;
				INFOPLIST_KEY_UIMainStoryboardFile = Main;
				INFOPLIST_KEY_UISupportedInterfaceOrientations_iPad = "UIInterfaceOrientationPortrait UIInterfaceOrientationPortraitUpsideDown UIInterfaceOrientationLandscapeLeft UIInterfaceOrientationLandscapeRight";
				INFOPLIST_KEY_UISupportedInterfaceOrientations_iPhone = "UIInterfaceOrientationPortrait UIInterfaceOrientationLandscapeLeft UIInterfaceOrientationLandscapeRight";
				LD_RUNPATH_SEARCH_PATHS = (
					"$(inherited)",
					"@executable_path/Frameworks",
				);
				MARKETING_VERSION = 1.0;
				PRODUCT_BUNDLE_IDENTIFIER = githubTest.test5;
				PRODUCT_NAME = "$(TARGET_NAME)";
				SWIFT_EMIT_LOC_STRINGS = YES;
				SWIFT_VERSION = 5.0;
				TARGETED_DEVICE_FAMILY = "1,2";
			};
			name = Release;
		};
		855C98B42AA8708E00B70C58 /* Debug */ = {
			isa = XCBuildConfiguration;
			buildSettings = {
				ALWAYS_EMBED_SWIFT_STANDARD_LIBRARIES = YES;
				BUNDLE_LOADER = "$(TEST_HOST)";
				CODE_SIGN_STYLE = Automatic;
				CURRENT_PROJECT_VERSION = 1;
				DEVELOPMENT_TEAM = Z8QC62V2F3;
				GENERATE_INFOPLIST_FILE = YES;
				IPHONEOS_DEPLOYMENT_TARGET = 16.4;
				MARKETING_VERSION = 1.0;
				PRODUCT_BUNDLE_IDENTIFIER = githubTest.test5Tests;
				PRODUCT_NAME = "$(TARGET_NAME)";
				SWIFT_EMIT_LOC_STRINGS = NO;
				SWIFT_VERSION = 5.0;
				TARGETED_DEVICE_FAMILY = "1,2";
				TEST_HOST = "$(BUILT_PRODUCTS_DIR)/test5.app/$(BUNDLE_EXECUTABLE_FOLDER_PATH)/test5";
			};
			name = Debug;
		};
		855C98B52AA8708E00B70C58 /* Release */ = {
			isa = XCBuildConfiguration;
			buildSettings = {
				ALWAYS_EMBED_SWIFT_STANDARD_LIBRARIES = YES;
				BUNDLE_LOADER = "$(TEST_HOST)";
				CODE_SIGN_STYLE = Automatic;
				CURRENT_PROJECT_VERSION = 1;
				DEVELOPMENT_TEAM = Z8QC62V2F3;
				GENERATE_INFOPLIST_FILE = YES;
				IPHONEOS_DEPLOYMENT_TARGET = 16.4;
				MARKETING_VERSION = 1.0;
				PRODUCT_BUNDLE_IDENTIFIER = githubTest.test5Tests;
				PRODUCT_NAME = "$(TARGET_NAME)";
				SWIFT_EMIT_LOC_STRINGS = NO;
				SWIFT_VERSION = 5.0;
				TARGETED_DEVICE_FAMILY = "1,2";
				TEST_HOST = "$(BUILT_PRODUCTS_DIR)/test5.app/$(BUNDLE_EXECUTABLE_FOLDER_PATH)/test5";
			};
			name = Release;
		};
		855C98B72AA8708E00B70C58 /* Debug */ = {
			isa = XCBuildConfiguration;
			buildSettings = {
				ALWAYS_EMBED_SWIFT_STANDARD_LIBRARIES = YES;
				CODE_SIGN_STYLE = Automatic;
				CURRENT_PROJECT_VERSION = 1;
				DEVELOPMENT_TEAM = Z8QC62V2F3;
				GENERATE_INFOPLIST_FILE = YES;
				MARKETING_VERSION = 1.0;
				PRODUCT_BUNDLE_IDENTIFIER = githubTest.test5UITests;
				PRODUCT_NAME = "$(TARGET_NAME)";
				SWIFT_EMIT_LOC_STRINGS = NO;
				SWIFT_VERSION = 5.0;
				TARGETED_DEVICE_FAMILY = "1,2";
				TEST_TARGET_NAME = test5;
			};
			name = Debug;
		};
		855C98B82AA8708E00B70C58 /* Release */ = {
			isa = XCBuildConfiguration;
			buildSettings = {
				ALWAYS_EMBED_SWIFT_STANDARD_LIBRARIES = YES;
				CODE_SIGN_STYLE = Automatic;
				CURRENT_PROJECT_VERSION = 1;
				DEVELOPMENT_TEAM = Z8QC62V2F3;
				GENERATE_INFOPLIST_FILE = YES;
				MARKETING_VERSION = 1.0;
				PRODUCT_BUNDLE_IDENTIFIER = githubTest.test5UITests;
				PRODUCT_NAME = "$(TARGET_NAME)";
				SWIFT_EMIT_LOC_STRINGS = NO;
				SWIFT_VERSION = 5.0;
				TARGETED_DEVICE_FAMILY = "1,2";
				TEST_TARGET_NAME = test5;
			};
			name = Release;
		};
/* End XCBuildConfiguration section */

/* Begin XCConfigurationList section */
		855C98812AA8708D00B70C58 /* Build configuration list for PBXProject "test5" */ = {
			isa = XCConfigurationList;
			buildConfigurations = (
				855C98AE2AA8708E00B70C58 /* Debug */,
				855C98AF2AA8708E00B70C58 /* Release */,
			);
			defaultConfigurationIsVisible = 0;
			defaultConfigurationName = Release;
		};
		855C98B02AA8708E00B70C58 /* Build configuration list for PBXNativeTarget "test5" */ = {
			isa = XCConfigurationList;
			buildConfigurations = (
				855C98B12AA8708E00B70C58 /* Debug */,
				855C98B22AA8708E00B70C58 /* Release */,
			);
			defaultConfigurationIsVisible = 0;
			defaultConfigurationName = Release;
		};
		855C98B32AA8708E00B70C58 /* Build configuration list for PBXNativeTarget "test5Tests" */ = {
			isa = XCConfigurationList;
			buildConfigurations = (
				855C98B42AA8708E00B70C58 /* Debug */,
				855C98B52AA8708E00B70C58 /* Release */,
			);
			defaultConfigurationIsVisible = 0;
			defaultConfigurationName = Release;
		};
		855C98B62AA8708E00B70C58 /* Build configuration list for PBXNativeTarget "test5UITests" */ = {
			isa = XCConfigurationList;
			buildConfigurations = (
				855C98B72AA8708E00B70C58 /* Debug */,
				855C98B82AA8708E00B70C58 /* Release */,
			);
			defaultConfigurationIsVisible = 0;
			defaultConfigurationName = Release;
		};
/* End XCConfigurationList section */
	};
	rootObject = 855C987E2AA8708D00B70C58 /* Project object */;
}
